{
    "_meta": {
        "hash": {
            "sha256": "82a9c87dc520a7953373ce2e23c46cd28b4bb9fefd368c27ed45c81ead8133b8"
        },
        "pipfile-spec": 6,
        "requires": {
            "python_version": "3.6"
        },
        "sources": [
            {
                "name": "pypi",
                "url": "https://pypi.python.org/simple",
                "verify_ssl": true
            }
        ]
    },
    "default": {
        "yattag": {
            "hashes": [
                "sha256:0a3fe7fcbdd5886ebe4ef6c215627599bb13e93a8bc26d3e48789b02e5ddc5dc"
            ],
            "index": "pypi",
            "version": "==1.10.0"
        }
    },
    "develop": {}
}
